
Microsoft Visual Studio Solution File, Format Version 12.00
# Visual Studio Version 16
VisualStudioVersion = 16.0.29123.88
MinimumVisualStudioVersion = 10.0.40219.1
Project("{FAE04EC0-301F-11D3-BF4B-00C04F79EFBC}") = "BestBuyCRUD", "BestBuyCRUD\BestBuyCRUD.csproj", "{FC0523B0-D23F-4F6C-B90A-08AA2FAEBC3C}"
EndProject
Global
	GlobalSection(SolutionConfigurationPlatforms) = preSolution
		Debug|Any CPU = Debug|Any CPU
		Release|Any CPU = Release|Any CPU
	EndGlobalSection
	GlobalSection(ProjectConfigurationPlatforms) = postSolution
		{FC0523B0-D23F-4F6C-B90A-08AA2FAEBC3C}.Debug|Any CPU.ActiveCfg = Debug|Any CPU
		{FC0523B0-D23F-4F6C-B90A-08AA2FAEBC3C}.Debug|Any CPU.Build.0 = Debug|Any CPU
		{FC0523B0-D23F-4F6C-B90A-08AA2FAEBC3C}.Release|Any CPU.ActiveCfg = Release|Any CPU
		{FC0523B0-D23F-4F6C-B90A-08AA2FAEBC3C}.Release|Any CPU.Build.0 = Release|Any CPU
	EndGlobalSection
	GlobalSection(SolutionProperties) = preSolution
		HideSolutionNode = FALSE
	EndGlobalSection
	GlobalSection(ExtensibilityGlobals) = postSolution
		SolutionGuid = {11F1D825-6EAF-419F-B0CB-CF8DB97AAFD1}
	EndGlobalSection
EndGlobal
